
Microsoft Visual Studio Solution File, Format Version 12.00
# Visual Studio Version 16
VisualStudioVersion = 16.0.30225.117
MinimumVisualStudioVersion = 10.0.40219.1
Project("{FAE04EC0-301F-11D3-BF4B-00C04F79EFBC}") = "DSD.MSS.Blazor.Components.Core.Demo", "DSD.MSS.Blazor.Components.Core.Demo\DSD.MSS.Blazor.Components.Core.Demo.csproj", "{178BBCFF-735B-4242-9BE5-88590107A3F6}"
EndProject
Project("{FAE04EC0-301F-11D3-BF4B-00C04F79EFBC}") = "DSD.MSS.Blazor.Components.Core", "DSD.MSS.Blazor.Components.Core\DSD.MSS.Blazor.Components.Core.csproj", "{6F1B7D8E-A896-4599-A1AA-2D642DC548AB}"
EndProject
Global
	GlobalSection(SolutionConfigurationPlatforms) = preSolution
		Debug|Any CPU = Debug|Any CPU
		Release|Any CPU = Release|Any CPU
	EndGlobalSection
	GlobalSection(ProjectConfigurationPlatforms) = postSolution
		{178BBCFF-735B-4242-9BE5-88590107A3F6}.Debug|Any CPU.ActiveCfg = Debug|Any CPU
		{178BBCFF-735B-4242-9BE5-88590107A3F6}.Debug|Any CPU.Build.0 = Debug|Any CPU
		{178BBCFF-735B-4242-9BE5-88590107A3F6}.Release|Any CPU.ActiveCfg = Release|Any CPU
		{178BBCFF-735B-4242-9BE5-88590107A3F6}.Release|Any CPU.Build.0 = Release|Any CPU
		{6F1B7D8E-A896-4599-A1AA-2D642DC548AB}.Debug|Any CPU.ActiveCfg = Debug|Any CPU
		{6F1B7D8E-A896-4599-A1AA-2D642DC548AB}.Debug|Any CPU.Build.0 = Debug|Any CPU
		{6F1B7D8E-A896-4599-A1AA-2D642DC548AB}.Release|Any CPU.ActiveCfg = Release|Any CPU
		{6F1B7D8E-A896-4599-A1AA-2D642DC548AB}.Release|Any CPU.Build.0 = Release|Any CPU
	EndGlobalSection
	GlobalSection(SolutionProperties) = preSolution
		HideSolutionNode = FALSE
	EndGlobalSection
	GlobalSection(ExtensibilityGlobals) = postSolution
		SolutionGuid = {8E06C497-2FD0-4FB6-83F8-C636EF3ADBF8}
	EndGlobalSection
EndGlobal
